
Microsoft Visual Studio Solution File, Format Version 12.00
# Visual Studio 15
VisualStudioVersion = 15.0.27130.2026
MinimumVisualStudioVersion = 10.0.40219.1
Project("{FAE04EC0-301F-11D3-BF4B-00C04F79EFBC}") = "Epicture", "Epicture\Epicture.csproj", "{068969B1-919E-41CD-9B62-4959CE818C37}"
	ProjectSection(ProjectDependencies) = postProject
		{0AA62E7E-190D-4D38-B419-F95363E2FD8D} = {0AA62E7E-190D-4D38-B419-F95363E2FD8D}
		{D92C4AA8-94E1-4F68-A067-151BF49E1AF9} = {D92C4AA8-94E1-4F68-A067-151BF49E1AF9}
		{E878EFDE-1503-4626-9341-A52A90EE1E9B} = {E878EFDE-1503-4626-9341-A52A90EE1E9B}
	EndProjectSection
EndProject
Project("{9A19103F-16F7-4668-BE54-9A1E7A4F7556}") = "Epicture.BaseAPI", "Epicture.BaseAPI\Epicture.BaseAPI.csproj", "{E878EFDE-1503-4626-9341-A52A90EE1E9B}"
EndProject
Project("{9A19103F-16F7-4668-BE54-9A1E7A4F7556}") = "Epicture.ImgurAPI", "Epicture.ImgurAPI\Epicture.ImgurAPI.csproj", "{D92C4AA8-94E1-4F68-A067-151BF49E1AF9}"
	ProjectSection(ProjectDependencies) = postProject
		{E878EFDE-1503-4626-9341-A52A90EE1E9B} = {E878EFDE-1503-4626-9341-A52A90EE1E9B}
	EndProjectSection
EndProject
Project("{9A19103F-16F7-4668-BE54-9A1E7A4F7556}") = "Epicture.FlickrAPI", "Epicture.FlickrAPI\Epicture.FlickrAPI.csproj", "{0AA62E7E-190D-4D38-B419-F95363E2FD8D}"
EndProject
Global
	GlobalSection(SolutionConfigurationPlatforms) = preSolution
		Debug|ARM = Debug|ARM
		Debug|x64 = Debug|x64
		Debug|x86 = Debug|x86
		Release|ARM = Release|ARM
		Release|x64 = Release|x64
		Release|x86 = Release|x86
	EndGlobalSection
	GlobalSection(ProjectConfigurationPlatforms) = postSolution
		{068969B1-919E-41CD-9B62-4959CE818C37}.Debug|ARM.ActiveCfg = Debug|ARM
		{068969B1-919E-41CD-9B62-4959CE818C37}.Debug|ARM.Build.0 = Debug|ARM
		{068969B1-919E-41CD-9B62-4959CE818C37}.Debug|ARM.Deploy.0 = Debug|ARM
		{068969B1-919E-41CD-9B62-4959CE818C37}.Debug|x64.ActiveCfg = Debug|x64
		{068969B1-919E-41CD-9B62-4959CE818C37}.Debug|x64.Build.0 = Debug|x64
		{068969B1-919E-41CD-9B62-4959CE818C37}.Debug|x64.Deploy.0 = Debug|x64
		{068969B1-919E-41CD-9B62-4959CE818C37}.Debug|x86.ActiveCfg = Debug|x86
		{068969B1-919E-41CD-9B62-4959CE818C37}.Debug|x86.Build.0 = Debug|x86
		{068969B1-919E-41CD-9B62-4959CE818C37}.Debug|x86.Deploy.0 = Debug|x86
		{068969B1-919E-41CD-9B62-4959CE818C37}.Release|ARM.ActiveCfg = Release|ARM
		{068969B1-919E-41CD-9B62-4959CE818C37}.Release|ARM.Build.0 = Release|ARM
		{068969B1-919E-41CD-9B62-4959CE818C37}.Release|ARM.Deploy.0 = Release|ARM
		{068969B1-919E-41CD-9B62-4959CE818C37}.Release|x64.ActiveCfg = Release|x64
		{068969B1-919E-41CD-9B62-4959CE818C37}.Release|x64.Build.0 = Release|x64
		{068969B1-919E-41CD-9B62-4959CE818C37}.Release|x64.Deploy.0 = Release|x64
		{068969B1-919E-41CD-9B62-4959CE818C37}.Release|x86.ActiveCfg = Release|x86
		{068969B1-919E-41CD-9B62-4959CE818C37}.Release|x86.Build.0 = Release|x86
		{068969B1-919E-41CD-9B62-4959CE818C37}.Release|x86.Deploy.0 = Release|x86
		{E878EFDE-1503-4626-9341-A52A90EE1E9B}.Debug|ARM.ActiveCfg = Debug|Any CPU
		{E878EFDE-1503-4626-9341-A52A90EE1E9B}.Debug|ARM.Build.0 = Debug|Any CPU
		{E878EFDE-1503-4626-9341-A52A90EE1E9B}.Debug|x64.ActiveCfg = Debug|Any CPU
		{E878EFDE-1503-4626-9341-A52A90EE1E9B}.Debug|x64.Build.0 = Debug|Any CPU
		{E878EFDE-1503-4626-9341-A52A90EE1E9B}.Debug|x86.ActiveCfg = Debug|Any CPU
		{E878EFDE-1503-4626-9341-A52A90EE1E9B}.Debug|x86.Build.0 = Debug|Any CPU
		{E878EFDE-1503-4626-9341-A52A90EE1E9B}.Release|ARM.ActiveCfg = Release|Any CPU
		{E878EFDE-1503-4626-9341-A52A90EE1E9B}.Release|ARM.Build.0 = Release|Any CPU
		{E878EFDE-1503-4626-9341-A52A90EE1E9B}.Release|x64.ActiveCfg = Release|Any CPU
		{E878EFDE-1503-4626-9341-A52A90EE1E9B}.Release|x64.Build.0 = Release|Any CPU
		{E878EFDE-1503-4626-9341-A52A90EE1E9B}.Release|x86.ActiveCfg = Release|Any CPU
		{E878EFDE-1503-4626-9341-A52A90EE1E9B}.Release|x86.Build.0 = Release|Any CPU
		{D92C4AA8-94E1-4F68-A067-151BF49E1AF9}.Debug|ARM.ActiveCfg = Debug|Any CPU
		{D92C4AA8-94E1-4F68-A067-151BF49E1AF9}.Debug|ARM.Build.0 = Debug|Any CPU
		{D92C4AA8-94E1-4F68-A067-151BF49E1AF9}.Debug|x64.ActiveCfg = Debug|Any CPU
		{D92C4AA8-94E1-4F68-A067-151BF49E1AF9}.Debug|x64.Build.0 = Debug|Any CPU
		{D92C4AA8-94E1-4F68-A067-151BF49E1AF9}.Debug|x86.ActiveCfg = Debug|Any CPU
		{D92C4AA8-94E1-4F68-A067-151BF49E1AF9}.Debug|x86.Build.0 = Debug|Any CPU
		{D92C4AA8-94E1-4F68-A067-151BF49E1AF9}.Release|ARM.ActiveCfg = Release|Any CPU
		{D92C4AA8-94E1-4F68-A067-151BF49E1AF9}.Release|ARM.Build.0 = Release|Any CPU
		{D92C4AA8-94E1-4F68-A067-151BF49E1AF9}.Release|x64.ActiveCfg = Release|Any CPU
		{D92C4AA8-94E1-4F68-A067-151BF49E1AF9}.Release|x64.Build.0 = Release|Any CPU
		{D92C4AA8-94E1-4F68-A067-151BF49E1AF9}.Release|x86.ActiveCfg = Release|Any CPU
		{D92C4AA8-94E1-4F68-A067-151BF49E1AF9}.Release|x86.Build.0 = Release|Any CPU
		{0AA62E7E-190D-4D38-B419-F95363E2FD8D}.Debug|ARM.ActiveCfg = Debug|Any CPU
		{0AA62E7E-190D-4D38-B419-F95363E2FD8D}.Debug|ARM.Build.0 = Debug|Any CPU
		{0AA62E7E-190D-4D38-B419-F95363E2FD8D}.Debug|x64.ActiveCfg = Debug|Any CPU
		{0AA62E7E-190D-4D38-B419-F95363E2FD8D}.Debug|x64.Build.0 = Debug|Any CPU
		{0AA62E7E-190D-4D38-B419-F95363E2FD8D}.Debug|x86.ActiveCfg = Debug|Any CPU
		{0AA62E7E-190D-4D38-B419-F95363E2FD8D}.Debug|x86.Build.0 = Debug|Any CPU
		{0AA62E7E-190D-4D38-B419-F95363E2FD8D}.Release|ARM.ActiveCfg = Release|Any CPU
		{0AA62E7E-190D-4D38-B419-F95363E2FD8D}.Release|ARM.Build.0 = Release|Any CPU
		{0AA62E7E-190D-4D38-B419-F95363E2FD8D}.Release|x64.ActiveCfg = Release|Any CPU
		{0AA62E7E-190D-4D38-B419-F95363E2FD8D}.Release|x64.Build.0 = Release|Any CPU
		{0AA62E7E-190D-4D38-B419-F95363E2FD8D}.Release|x86.ActiveCfg = Release|Any CPU
		{0AA62E7E-190D-4D38-B419-F95363E2FD8D}.Release|x86.Build.0 = Release|Any CPU
	EndGlobalSection
	GlobalSection(SolutionProperties) = preSolution
		HideSolutionNode = FALSE
	EndGlobalSection
	GlobalSection(ExtensibilityGlobals) = postSolution
		SolutionGuid = {BD02AA15-3888-40BD-84BB-D3403E427035}
	EndGlobalSection
EndGlobal
